
Microsoft Visual Studio Solution File, Format Version 12.00
# Visual Studio 15
VisualStudioVersion = 15.0.28010.2036
MinimumVisualStudioVersion = 10.0.40219.1
Project("{8BC9CEB8-8B4A-11D0-8D11-00A0C91BC942}") = "CH2-2", "CH2-2\CH2-2.vcxproj", "{B04C0C83-AA02-4C05-A5A3-9A2E163AF487}"
EndProject
Global
	GlobalSection(SolutionConfigurationPlatforms) = preSolution
		Debug|x64 = Debug|x64
		Debug|x86 = Debug|x86
		Release|x64 = Release|x64
		Release|x86 = Release|x86
	EndGlobalSection
	GlobalSection(ProjectConfigurationPlatforms) = postSolution
		{B04C0C83-AA02-4C05-A5A3-9A2E163AF487}.Debug|x64.ActiveCfg = Debug|x64
		{B04C0C83-AA02-4C05-A5A3-9A2E163AF487}.Debug|x64.Build.0 = Debug|x64
		{B04C0C83-AA02-4C05-A5A3-9A2E163AF487}.Debug|x86.ActiveCfg = Debug|Win32
		{B04C0C83-AA02-4C05-A5A3-9A2E163AF487}.Debug|x86.Build.0 = Debug|Win32
		{B04C0C83-AA02-4C05-A5A3-9A2E163AF487}.Release|x64.ActiveCfg = Release|x64
		{B04C0C83-AA02-4C05-A5A3-9A2E163AF487}.Release|x64.Build.0 = Release|x64
		{B04C0C83-AA02-4C05-A5A3-9A2E163AF487}.Release|x86.ActiveCfg = Release|Win32
		{B04C0C83-AA02-4C05-A5A3-9A2E163AF487}.Release|x86.Build.0 = Release|Win32
	EndGlobalSection
	GlobalSection(SolutionProperties) = preSolution
		HideSolutionNode = FALSE
	EndGlobalSection
	GlobalSection(ExtensibilityGlobals) = postSolution
		SolutionGuid = {2BFE7113-D02F-429B-8112-430656E8E096}
	EndGlobalSection
EndGlobal
